
Microsoft Visual Studio Solution File, Format Version 12.00
# Visual Studio Version 17
VisualStudioVersion = 17.7.34202.233
MinimumVisualStudioVersion = 10.0.40219.1
Project("{FAE04EC0-301F-11D3-BF4B-00C04F79EFBC}") = "ParameterScanner", "ParameterScanner\ParameterScanner.csproj", "{FC4E0969-D90D-4B64-9301-25C16F5B4BA1}"
EndProject
Global
	GlobalSection(SolutionConfigurationPlatforms) = preSolution
		Debug|Any CPU = Debug|Any CPU
		Release|Any CPU = Release|Any CPU
	EndGlobalSection
	GlobalSection(ProjectConfigurationPlatforms) = postSolution
		{FC4E0969-D90D-4B64-9301-25C16F5B4BA1}.Debug|Any CPU.ActiveCfg = Debug|Any CPU
		{FC4E0969-D90D-4B64-9301-25C16F5B4BA1}.Debug|Any CPU.Build.0 = Debug|Any CPU
		{FC4E0969-D90D-4B64-9301-25C16F5B4BA1}.Release|Any CPU.ActiveCfg = Release|Any CPU
		{FC4E0969-D90D-4B64-9301-25C16F5B4BA1}.Release|Any CPU.Build.0 = Release|Any CPU
	EndGlobalSection
	GlobalSection(SolutionProperties) = preSolution
		HideSolutionNode = FALSE
	EndGlobalSection
	GlobalSection(ExtensibilityGlobals) = postSolution
		SolutionGuid = {4B9E866B-6E7A-406F-9072-B7C56AC6A4C9}
	EndGlobalSection
EndGlobal
